
Microsoft Visual Studio Solution File, Format Version 12.00
# Visual Studio 15
VisualStudioVersion = 15.0.28307.1169
MinimumVisualStudioVersion = 10.0.40219.1
Project("{FAE04EC0-301F-11D3-BF4B-00C04F79EFBC}") = "Barcode", "Barcode\Barcode.csproj", "{2F57F6E7-D7D1-4EBD-AEC0-D7772C075D7E}"
EndProject
Global
	GlobalSection(SolutionConfigurationPlatforms) = preSolution
		Debug|Any CPU = Debug|Any CPU
		Release|Any CPU = Release|Any CPU
	EndGlobalSection
	GlobalSection(ProjectConfigurationPlatforms) = postSolution
		{2F57F6E7-D7D1-4EBD-AEC0-D7772C075D7E}.Debug|Any CPU.ActiveCfg = Debug|Any CPU
		{2F57F6E7-D7D1-4EBD-AEC0-D7772C075D7E}.Debug|Any CPU.Build.0 = Debug|Any CPU
		{2F57F6E7-D7D1-4EBD-AEC0-D7772C075D7E}.Release|Any CPU.ActiveCfg = Release|Any CPU
		{2F57F6E7-D7D1-4EBD-AEC0-D7772C075D7E}.Release|Any CPU.Build.0 = Release|Any CPU
	EndGlobalSection
	GlobalSection(SolutionProperties) = preSolution
		HideSolutionNode = FALSE
	EndGlobalSection
	GlobalSection(ExtensibilityGlobals) = postSolution
		SolutionGuid = {A97D689A-F3F7-4CB2-8F41-E1CE651F3636}
	EndGlobalSection
EndGlobal
